
Microsoft Visual Studio Solution File, Format Version 12.00
# Visual Studio Version 17
VisualStudioVersion = 17.9.34728.123
MinimumVisualStudioVersion = 10.0.40219.1
Project("{FAE04EC0-301F-11D3-BF4B-00C04F79EFBC}") = "Queue", "Consolaaaa\Queue.csproj", "{7DAD9FBE-FBB8-4E8B-8727-98278EDB3B2C}"
EndProject
Project("{FAE04EC0-301F-11D3-BF4B-00C04F79EFBC}") = "Pilas", "Pilas\Pilas.csproj", "{C7687A86-1732-4F22-9F8F-18888AE4CBD2}"
EndProject
Project("{FAE04EC0-301F-11D3-BF4B-00C04F79EFBC}") = "ArrayLists", "ArrayLists\ArrayLists.csproj", "{29177F6D-1537-47DE-BD2E-D5AA89AD2B63}"
EndProject
Project("{FAE04EC0-301F-11D3-BF4B-00C04F79EFBC}") = "BibliotecaClase", "BibliotecaClase\BibliotecaClase.csproj", "{E5489002-A45E-42FC-95CA-B212FC83CDB4}"
EndProject
Project("{FAE04EC0-301F-11D3-BF4B-00C04F79EFBC}") = "SortedListsProg", "SortedList\SortedListsProg.csproj", "{106D8599-1D18-40F4-A66A-4808C9CCDD42}"
EndProject
Project("{FAE04EC0-301F-11D3-BF4B-00C04F79EFBC}") = "TablasHash", "TablasHash\TablasHash.csproj", "{976FDD28-5D80-41BE-A737-74E1935B1B12}"
EndProject
Project("{FAE04EC0-301F-11D3-BF4B-00C04F79EFBC}") = "SortedSet&HashSet", "SortedSet&HashSet\SortedSet&HashSet.csproj", "{7B1B6F7E-9AB6-47A9-8E1C-0ED0C3D3C41E}"
EndProject
Global
	GlobalSection(SolutionConfigurationPlatforms) = preSolution
		Debug|Any CPU = Debug|Any CPU
		Release|Any CPU = Release|Any CPU
	EndGlobalSection
	GlobalSection(ProjectConfigurationPlatforms) = postSolution
		{7DAD9FBE-FBB8-4E8B-8727-98278EDB3B2C}.Debug|Any CPU.ActiveCfg = Debug|Any CPU
		{7DAD9FBE-FBB8-4E8B-8727-98278EDB3B2C}.Debug|Any CPU.Build.0 = Debug|Any CPU
		{7DAD9FBE-FBB8-4E8B-8727-98278EDB3B2C}.Release|Any CPU.ActiveCfg = Release|Any CPU
		{7DAD9FBE-FBB8-4E8B-8727-98278EDB3B2C}.Release|Any CPU.Build.0 = Release|Any CPU
		{C7687A86-1732-4F22-9F8F-18888AE4CBD2}.Debug|Any CPU.ActiveCfg = Debug|Any CPU
		{C7687A86-1732-4F22-9F8F-18888AE4CBD2}.Debug|Any CPU.Build.0 = Debug|Any CPU
		{C7687A86-1732-4F22-9F8F-18888AE4CBD2}.Release|Any CPU.ActiveCfg = Release|Any CPU
		{C7687A86-1732-4F22-9F8F-18888AE4CBD2}.Release|Any CPU.Build.0 = Release|Any CPU
		{29177F6D-1537-47DE-BD2E-D5AA89AD2B63}.Debug|Any CPU.ActiveCfg = Debug|Any CPU
		{29177F6D-1537-47DE-BD2E-D5AA89AD2B63}.Debug|Any CPU.Build.0 = Debug|Any CPU
		{29177F6D-1537-47DE-BD2E-D5AA89AD2B63}.Release|Any CPU.ActiveCfg = Release|Any CPU
		{29177F6D-1537-47DE-BD2E-D5AA89AD2B63}.Release|Any CPU.Build.0 = Release|Any CPU
		{E5489002-A45E-42FC-95CA-B212FC83CDB4}.Debug|Any CPU.ActiveCfg = Debug|Any CPU
		{E5489002-A45E-42FC-95CA-B212FC83CDB4}.Debug|Any CPU.Build.0 = Debug|Any CPU
		{E5489002-A45E-42FC-95CA-B212FC83CDB4}.Release|Any CPU.ActiveCfg = Release|Any CPU
		{E5489002-A45E-42FC-95CA-B212FC83CDB4}.Release|Any CPU.Build.0 = Release|Any CPU
		{106D8599-1D18-40F4-A66A-4808C9CCDD42}.Debug|Any CPU.ActiveCfg = Debug|Any CPU
		{106D8599-1D18-40F4-A66A-4808C9CCDD42}.Debug|Any CPU.Build.0 = Debug|Any CPU
		{106D8599-1D18-40F4-A66A-4808C9CCDD42}.Release|Any CPU.ActiveCfg = Release|Any CPU
		{106D8599-1D18-40F4-A66A-4808C9CCDD42}.Release|Any CPU.Build.0 = Release|Any CPU
		{976FDD28-5D80-41BE-A737-74E1935B1B12}.Debug|Any CPU.ActiveCfg = Debug|Any CPU
		{976FDD28-5D80-41BE-A737-74E1935B1B12}.Debug|Any CPU.Build.0 = Debug|Any CPU
		{976FDD28-5D80-41BE-A737-74E1935B1B12}.Release|Any CPU.ActiveCfg = Release|Any CPU
		{976FDD28-5D80-41BE-A737-74E1935B1B12}.Release|Any CPU.Build.0 = Release|Any CPU
		{7B1B6F7E-9AB6-47A9-8E1C-0ED0C3D3C41E}.Debug|Any CPU.ActiveCfg = Debug|Any CPU
		{7B1B6F7E-9AB6-47A9-8E1C-0ED0C3D3C41E}.Debug|Any CPU.Build.0 = Debug|Any CPU
		{7B1B6F7E-9AB6-47A9-8E1C-0ED0C3D3C41E}.Release|Any CPU.ActiveCfg = Release|Any CPU
		{7B1B6F7E-9AB6-47A9-8E1C-0ED0C3D3C41E}.Release|Any CPU.Build.0 = Release|Any CPU
	EndGlobalSection
	GlobalSection(SolutionProperties) = preSolution
		HideSolutionNode = FALSE
	EndGlobalSection
	GlobalSection(ExtensibilityGlobals) = postSolution
		SolutionGuid = {86098EEF-FFA3-463A-A76C-F763CBBFC096}
	EndGlobalSection
EndGlobal
